
Microsoft Visual Studio Solution File, Format Version 12.00
# Visual Studio Version 16
VisualStudioVersion = 16.0.29324.140
MinimumVisualStudioVersion = 10.0.40219.1
Project("{FAE04EC0-301F-11D3-BF4B-00C04F79EFBC}") = "QRPaymentSystem.Server.Api", "QRPaymentSystem.Server.Api\QRPaymentSystem.Server.Api.csproj", "{05F0581F-0FFF-454E-BC77-0CFEE0DAFC9D}"
EndProject
Global
	GlobalSection(SolutionConfigurationPlatforms) = preSolution
		Debug|Any CPU = Debug|Any CPU
		Release|Any CPU = Release|Any CPU
	EndGlobalSection
	GlobalSection(ProjectConfigurationPlatforms) = postSolution
		{05F0581F-0FFF-454E-BC77-0CFEE0DAFC9D}.Debug|Any CPU.ActiveCfg = Debug|Any CPU
		{05F0581F-0FFF-454E-BC77-0CFEE0DAFC9D}.Debug|Any CPU.Build.0 = Debug|Any CPU
		{05F0581F-0FFF-454E-BC77-0CFEE0DAFC9D}.Release|Any CPU.ActiveCfg = Release|Any CPU
		{05F0581F-0FFF-454E-BC77-0CFEE0DAFC9D}.Release|Any CPU.Build.0 = Release|Any CPU
	EndGlobalSection
	GlobalSection(SolutionProperties) = preSolution
		HideSolutionNode = FALSE
	EndGlobalSection
	GlobalSection(ExtensibilityGlobals) = postSolution
		SolutionGuid = {57D4CD97-1D95-490D-A616-98E7C52B0F5C}
	EndGlobalSection
EndGlobal
